
Microsoft Visual Studio Solution File, Format Version 12.00
# Visual Studio Version 17
VisualStudioVersion = 17.13.35931.197 d17.13
MinimumVisualStudioVersion = 10.0.40219.1
Project("{FAE04EC0-301F-11D3-BF4B-00C04F79EFBC}") = "ShekilPhotoGallery.API", "ShekilPhotoGallery.API\ShekilPhotoGallery.API.csproj", "{86B5EF3E-F86D-4AD7-A64F-1BE393F0764C}"
EndProject
Project("{FAE04EC0-301F-11D3-BF4B-00C04F79EFBC}") = "ShekilPhotoGallery.Infra", "ShekilPhotoGallery.Infra\ShekilPhotoGallery.Infra.csproj", "{64562C00-387D-4EE8-AC2E-53B8A23C5232}"
EndProject
Project("{FAE04EC0-301F-11D3-BF4B-00C04F79EFBC}") = "ShekilPhotoGallery.Core", "ShekilPhotoGallery.Core\ShekilPhotoGallery.Core.csproj", "{716B9D64-DE41-446D-B500-F046BE08A825}"
EndProject
Global
	GlobalSection(SolutionConfigurationPlatforms) = preSolution
		Debug|Any CPU = Debug|Any CPU
		Release|Any CPU = Release|Any CPU
	EndGlobalSection
	GlobalSection(ProjectConfigurationPlatforms) = postSolution
		{86B5EF3E-F86D-4AD7-A64F-1BE393F0764C}.Debug|Any CPU.ActiveCfg = Debug|Any CPU
		{86B5EF3E-F86D-4AD7-A64F-1BE393F0764C}.Debug|Any CPU.Build.0 = Debug|Any CPU
		{86B5EF3E-F86D-4AD7-A64F-1BE393F0764C}.Release|Any CPU.ActiveCfg = Release|Any CPU
		{86B5EF3E-F86D-4AD7-A64F-1BE393F0764C}.Release|Any CPU.Build.0 = Release|Any CPU
		{64562C00-387D-4EE8-AC2E-53B8A23C5232}.Debug|Any CPU.ActiveCfg = Debug|Any CPU
		{64562C00-387D-4EE8-AC2E-53B8A23C5232}.Debug|Any CPU.Build.0 = Debug|Any CPU
		{64562C00-387D-4EE8-AC2E-53B8A23C5232}.Release|Any CPU.ActiveCfg = Release|Any CPU
		{64562C00-387D-4EE8-AC2E-53B8A23C5232}.Release|Any CPU.Build.0 = Release|Any CPU
		{716B9D64-DE41-446D-B500-F046BE08A825}.Debug|Any CPU.ActiveCfg = Debug|Any CPU
		{716B9D64-DE41-446D-B500-F046BE08A825}.Debug|Any CPU.Build.0 = Debug|Any CPU
		{716B9D64-DE41-446D-B500-F046BE08A825}.Release|Any CPU.ActiveCfg = Release|Any CPU
		{716B9D64-DE41-446D-B500-F046BE08A825}.Release|Any CPU.Build.0 = Release|Any CPU
	EndGlobalSection
	GlobalSection(SolutionProperties) = preSolution
		HideSolutionNode = FALSE
	EndGlobalSection
	GlobalSection(ExtensibilityGlobals) = postSolution
		SolutionGuid = {1823E3FE-CAB9-46EB-9061-46EF4CF11CDA}
	EndGlobalSection
EndGlobal
